// !$*UTF8*$!
{
	archiveVersion = 1;
	classes = {
	};
	objectVersion = 48;
	objects = {

/* Begin PBXBuildFile section */
		14C1E047204D351E009E9FFF /* AppDelegate.swift in Sources */ = {isa = PBXBuildFile; fileRef = 14C1E046204D351E009E9FFF /* AppDelegate.swift */; };
		14C1E049204D351E009E9FFF /* ViewController.swift in Sources */ = {isa = PBXBuildFile; fileRef = 14C1E048204D351E009E9FFF /* ViewController.swift */; };
		14C1E04C204D351E009E9FFF /* Main.storyboard in Resources */ = {isa = PBXBuildFile; fileRef = 14C1E04A204D351E009E9FFF /* Main.storyboard */; };
		14C1E04E204D351E009E9FFF /* Assets.xcassets in Resources */ = {isa = PBXBuildFile; fileRef = 14C1E04D204D351E009E9FFF /* Assets.xcassets */; };
		14C1E051204D351E009E9FFF /* LaunchScreen.storyboard in Resources */ = {isa = PBXBuildFile; fileRef = 14C1E04F204D351E009E9FFF /* LaunchScreen.storyboard */; };
		14C1E059204D360D009E9FFF /* RoundButton.swift in Sources */ = {isa = PBXBuildFile; fileRef = 14C1E058204D360D009E9FFF /* RoundButton.swift */; };
/* End PBXBuildFile section */

/* Begin PBXFileReference section */
		14C1E043204D351E009E9FFF /* 終極密碼.app */ = {isa = PBXFileReference; explicitFileType = wrapper.application; includeInIndex = 0; path = "終極密碼.app"; sourceTree = BUILT_PRODUCTS_DIR; };
		14C1E046204D351E009E9FFF /* AppDelegate.swift */ = {isa = PBXFileReference; lastKnownFileType = sourcecode.swift; path = AppDelegate.swift; sourceTree = "<group>"; };
		14C1E048204D351E009E9FFF /* ViewController.swift */ = {isa = PBXFileReference; lastKnownFileType = sourcecode.swift; path = ViewController.swift; sourceTree = "<group>"; };
		14C1E04B204D351E009E9FFF /* Base */ = {isa = PBXFileReference; lastKnownFileType = file.storyboard; name = Base; path = Base.lproj/Main.storyboard; sourceTree = "<group>"; };
		14C1E04D204D351E009E9FFF /* Assets.xcassets */ = {isa = PBXFileReference; lastKnownFileType = folder.assetcatalog; path = Assets.xcassets; sourceTree = "<group>"; };
		14C1E050204D351E009E9FFF /* Base */ = {isa = PBXFileReference; lastKnownFileType = file.storyboard; name = Base; path = Base.lproj/LaunchScreen.storyboard; sourceTree = "<group>"; };
		14C1E052204D351E009E9FFF /* Info.plist */ = {isa = PBXFileReference; lastKnownFileType = text.plist.xml; path = Info.plist; sourceTree = "<group>"; };
		14C1E058204D360D009E9FFF /* RoundButton.swift */ = {isa = PBXFileReference; lastKnownFileType = sourcecode.swift; path = RoundButton.swift; sourceTree = "<group>"; };
/* End PBXFileReference section */

/* Begin PBXFrameworksBuildPhase section */
		14C1E040204D351E009E9FFF /* Frameworks */ = {
			isa = PBXFrameworksBuildPhase;
			buildActionMask = 2147483647;
			files = (
			);
			runOnlyForDeploymentPostprocessing = 0;
		};
/* End PBXFrameworksBuildPhase section */

/* Begin PBXGroup section */
		14C1E03A204D351E009E9FFF = {
			isa = PBXGroup;
			children = (
				14C1E045204D351E009E9FFF /* 終極密碼 */,
				14C1E044204D351E009E9FFF /* Products */,
			);
			sourceTree = "<group>";
		};
		14C1E044204D351E009E9FFF /* Products */ = {
			isa = PBXGroup;
			children = (
				14C1E043204D351E009E9FFF /* 終極密碼.app */,
			);
			name = Products;
			sourceTree = "<group>";
		};
		14C1E045204D351E009E9FFF /* 終極密碼 */ = {
			isa = PBXGroup;
			children = (
				14C1E046204D351E009E9FFF /* AppDelegate.swift */,
				14C1E048204D351E009E9FFF /* ViewController.swift */,
				14C1E04A204D351E009E9FFF /* Main.storyboard */,
				14C1E04D204D351E009E9FFF /* Assets.xcassets */,
				14C1E04F204D351E009E9FFF /* LaunchScreen.storyboard */,
				14C1E052204D351E009E9FFF /* Info.plist */,
				14C1E058204D360D009E9FFF /* RoundButton.swift */,
			);
			path = "終極密碼";
			sourceTree = "<group>";
		};
/* End PBXGroup section */

/* Begin PBXNativeTarget section */
		14C1E042204D351E009E9FFF /* 終極密碼 */ = {
			isa = PBXNativeTarget;
			buildConfigurationList = 14C1E055204D351E009E9FFF /* Build configuration list for PBXNativeTarget "終極密碼" */;
			buildPhases = (
				14C1E03F204D351E009E9FFF /* Sources */,
				14C1E040204D351E009E9FFF /* Frameworks */,
				14C1E041204D351E009E9FFF /* Resources */,
			);
			buildRules = (
			);
			dependencies = (
			);
			name = "終極密碼";
			productName = "終極密碼";
			productReference = 14C1E043204D351E009E9FFF /* 終極密碼.app */;
			productType = "com.apple.product-type.application";
		};
/* End PBXNativeTarget section */

/* Begin PBXProject section */
		14C1E03B204D351E009E9FFF /* Project object */ = {
			isa = PBXProject;
			attributes = {
				LastSwiftUpdateCheck = 0920;
				LastUpgradeCheck = 0920;
				ORGANIZATIONNAME = DavidWu;
				TargetAttributes = {
					14C1E042204D351E009E9FFF = {
						CreatedOnToolsVersion = 9.2;
						ProvisioningStyle = Automatic;
					};
				};
			};
			buildConfigurationList = 14C1E03E204D351E009E9FFF /* Build configuration list for PBXProject "終極密碼" */;
			compatibilityVersion = "Xcode 8.0";
			developmentRegion = en;
			hasScannedForEncodings = 0;
			knownRegions = (
				en,
				Base,
			);
			mainGroup = 14C1E03A204D351E009E9FFF;
			productRefGroup = 14C1E044204D351E009E9FFF /* Products */;
			projectDirPath = "";
			projectRoot = "";
			targets = (
				14C1E042204D351E009E9FFF /* 終極密碼 */,
			);
		};
/* End PBXProject section */

/* Begin PBXResourcesBuildPhase section */
		14C1E041204D351E009E9FFF /* Resources */ = {
			isa = PBXResourcesBuildPhase;
			buildActionMask = 2147483647;
			files = (
				14C1E051204D351E009E9FFF /* LaunchScreen.storyboard in Resources */,
				14C1E04E204D351E009E9FFF /* Assets.xcassets in Resources */,
				14C1E04C204D351E009E9FFF /* Main.storyboard in Resources */,
			);
			runOnlyForDeploymentPostprocessing = 0;
		};
/* End PBXResourcesBuildPhase section */

/* Begin PBXSourcesBuildPhase section */
		14C1E03F204D351E009E9FFF /* Sources */ = {
			isa = PBXSourcesBuildPhase;
			buildActionMask = 2147483647;
			files = (
				14C1E059204D360D009E9FFF /* RoundButton.swift in Sources */,
				14C1E049204D351E009E9FFF /* ViewController.swift in Sources */,
				14C1E047204D351E009E9FFF /* AppDelegate.swift in Sources */,
			);
			runOnlyForDeploymentPostprocessing = 0;
		};
/* End PBXSourcesBuildPhase section */

/* Begin PBXVariantGroup section */
		14C1E04A204D351E009E9FFF /* Main.storyboard */ = {
			isa = PBXVariantGroup;
			children = (
				14C1E04B204D351E009E9FFF /* Base */,
			);
			name = Main.storyboard;
			sourceTree = "<group>";
		};
		14C1E04F204D351E009E9FFF /* LaunchScreen.storyboard */ = {
			isa = PBXVariantGroup;
			children = (
				14C1E050204D351E009E9FFF /* Base */,
			);
			name = LaunchScreen.storyboard;
			sourceTree = "<group>";
		};
/* End PBXVariantGroup section */

/* Begin XCBuildConfiguration section */
		14C1E053204D351E009E9FFF /* Debug */ = {
			isa = XCBuildConfiguration;
			buildSettings = {
				ALWAYS_SEARCH_USER_PATHS = NO;
				CLANG_ANALYZER_NONNULL = YES;
				CLANG_ANALYZER_NUMBER_OBJECT_CONVERSION = YES_AGGRESSIVE;
				CLANG_CXX_LANGUAGE_STANDARD = "gnu++14";
				CLANG_CXX_LIBRARY = "libc++";
				CLANG_ENABLE_MODULES = YES;
				CLANG_ENABLE_OBJC_ARC = YES;
				CLANG_WARN_BLOCK_CAPTURE_AUTORELEASING = YES;
				CLANG_WARN_BOOL_CONVERSION = YES;
				CLANG_WARN_COMMA = YES;
				CLANG_WARN_CONSTANT_CONVERSION = YES;
				CLANG_WARN_DIRECT_OBJC_ISA_USAGE = YES_ERROR;
				CLANG_WARN_DOCUMENTATION_COMMENTS = YES;
				CLANG_WARN_EMPTY_BODY = YES;
				CLANG_WARN_ENUM_CONVERSION = YES;
				CLANG_WARN_INFINITE_RECURSION = YES;
				CLANG_WARN_INT_CONVERSION = YES;
				CLANG_WARN_NON_LITERAL_NULL_CONVERSION = YES;
				CLANG_WARN_OBJC_LITERAL_CONVERSION = YES;
				CLANG_WARN_OBJC_ROOT_CLASS = YES_ERROR;
				CLANG_WARN_RANGE_LOOP_ANALYSIS = YES;
				CLANG_WARN_STRICT_PROTOTYPES = YES;
				CLANG_WARN_SUSPICIOUS_MOVE = YES;
				CLANG_WARN_UNGUARDED_AVAILABILITY = YES_AGGRESSIVE;
				CLANG_WARN_UNREACHABLE_CODE = YES;
				CLANG_WARN__DUPLICATE_METHOD_MATCH = YES;
				CODE_SIGN_IDENTITY = "iPhone Developer";
				COPY_PHASE_STRIP = NO;
				DEBUG_INFORMATION_FORMAT = dwarf;
				ENABLE_STRICT_OBJC_MSGSEND = YES;
				ENABLE_TESTABILITY = YES;
				GCC_C_LANGUAGE_STANDARD = gnu11;
				GCC_DYNAMIC_NO_PIC = NO;
				GCC_NO_COMMON_BLOCKS = YES;
				GCC_OPTIMIZATION_LEVEL = 0;
				GCC_PREPROCESSOR_DEFINITIONS = (
					"DEBUG=1",
					"$(inherited)",
				);
				GCC_WARN_64_TO_32_BIT_CONVERSION = YES;
				GCC_WARN_ABOUT_RETURN_TYPE = YES_ERROR;
				GCC_WARN_UNDECLARED_SELECTOR = YES;
				GCC_WARN_UNINITIALIZED_AUTOS = YES_AGGRESSIVE;
				GCC_WARN_UNUSED_FUNCTION = YES;
				GCC_WARN_UNUSED_VARIABLE = YES;
				IPHONEOS_DEPLOYMENT_TARGET = 11.2;
				MTL_ENABLE_DEBUG_INFO = YES;
				ONLY_ACTIVE_ARCH = YES;
				SDKROOT = iphoneos;
				SWIFT_ACTIVE_COMPILATION_CONDITIONS = DEBUG;
				SWIFT_OPTIMIZATION_LEVEL = "-Onone";
			};
			name = Debug;
		};
		14C1E054204D351E009E9FFF /* Release */ = {
			isa = XCBuildConfiguration;
			buildSettings = {
				ALWAYS_SEARCH_USER_PATHS = NO;
				CLANG_ANALYZER_NONNULL = YES;
				CLANG_ANALYZER_NUMBER_OBJECT_CONVERSION = YES_AGGRESSIVE;
				CLANG_CXX_LANGUAGE_STANDARD = "gnu++14";
				CLANG_CXX_LIBRARY = "libc++";
				CLANG_ENABLE_MODULES = YES;
				CLANG_ENABLE_OBJC_ARC = YES;
				CLANG_WARN_BLOCK_CAPTURE_AUTORELEASING = YES;
				CLANG_WARN_BOOL_CONVERSION = YES;
				CLANG_WARN_COMMA = YES;
				CLANG_WARN_CONSTANT_CONVERSION = YES;
				CLANG_WARN_DIRECT_OBJC_ISA_USAGE = YES_ERROR;
				CLANG_WARN_DOCUMENTATION_COMMENTS = YES;
				CLANG_WARN_EMPTY_BODY = YES;
				CLANG_WARN_ENUM_CONVERSION = YES;
				CLANG_WARN_INFINITE_RECURSION = YES;
				CLANG_WARN_INT_CONVERSION = YES;
				CLANG_WARN_NON_LITERAL_NULL_CONVERSION = YES;
				CLANG_WARN_OBJC_LITERAL_CONVERSION = YES;
				CLANG_WARN_OBJC_ROOT_CLASS = YES_ERROR;
				CLANG_WARN_RANGE_LOOP_ANALYSIS = YES;
				CLANG_WARN_STRICT_PROTOTYPES = YES;
				CLANG_WARN_SUSPICIOUS_MOVE = YES;
				CLANG_WARN_UNGUARDED_AVAILABILITY = YES_AGGRESSIVE;
				CLANG_WARN_UNREACHABLE_CODE = YES;
				CLANG_WARN__DUPLICATE_METHOD_MATCH = YES;
				CODE_SIGN_IDENTITY = "iPhone Developer";
				COPY_PHASE_STRIP = NO;
				DEBUG_INFORMATION_FORMAT = "dwarf-with-dsym";
				ENABLE_NS_ASSERTIONS = NO;
				ENABLE_STRICT_OBJC_MSGSEND = YES;
				GCC_C_LANGUAGE_STANDARD = gnu11;
				GCC_NO_COMMON_BLOCKS = YES;
				GCC_WARN_64_TO_32_BIT_CONVERSION = YES;
				GCC_WARN_ABOUT_RETURN_TYPE = YES_ERROR;
				GCC_WARN_UNDECLARED_SELECTOR = YES;
				GCC_WARN_UNINITIALIZED_AUTOS = YES_AGGRESSIVE;
				GCC_WARN_UNUSED_FUNCTION = YES;
				GCC_WARN_UNUSED_VARIABLE = YES;
				IPHONEOS_DEPLOYMENT_TARGET = 11.2;
				MTL_ENABLE_DEBUG_INFO = NO;
				SDKROOT = iphoneos;
				SWIFT_OPTIMIZATION_LEVEL = "-Owholemodule";
				VALIDATE_PRODUCT = YES;
			};
			name = Release;
		};
		14C1E056204D351E009E9FFF /* Debug */ = {
			isa = XCBuildConfiguration;
			buildSettings = {
				ASSETCATALOG_COMPILER_APPICON_NAME = AppIcon;
				CODE_SIGN_STYLE = Automatic;
				DEVELOPMENT_TEAM = ND2LGZT6B5;
				INFOPLIST_FILE = "終極密碼/Info.plist";
				LD_RUNPATH_SEARCH_PATHS = "$(inherited) @executable_path/Frameworks";
				PRODUCT_BUNDLE_IDENTIFIER = "com.davidwu.----";
				PRODUCT_NAME = "$(TARGET_NAME)";
				SWIFT_VERSION = 4.0;
				TARGETED_DEVICE_FAMILY = "1,2";
			};
			name = Debug;
		};
		14C1E057204D351E009E9FFF /* Release */ = {
			isa = XCBuildConfiguration;
			buildSettings = {
				ASSETCATALOG_COMPILER_APPICON_NAME = AppIcon;
				CODE_SIGN_STYLE = Automatic;
				DEVELOPMENT_TEAM = ND2LGZT6B5;
				INFOPLIST_FILE = "終極密碼/Info.plist";
				LD_RUNPATH_SEARCH_PATHS = "$(inherited) @executable_path/Frameworks";
				PRODUCT_BUNDLE_IDENTIFIER = "com.davidwu.----";
				PRODUCT_NAME = "$(TARGET_NAME)";
				SWIFT_VERSION = 4.0;
				TARGETED_DEVICE_FAMILY = "1,2";
			};
			name = Release;
		};
/* End XCBuildConfiguration section */

/* Begin XCConfigurationList section */
		14C1E03E204D351E009E9FFF /* Build configuration list for PBXProject "終極密碼" */ = {
			isa = XCConfigurationList;
			buildConfigurations = (
				14C1E053204D351E009E9FFF /* Debug */,
				14C1E054204D351E009E9FFF /* Release */,
			);
			defaultConfigurationIsVisible = 0;
			defaultConfigurationName = Release;
		};
		14C1E055204D351E009E9FFF /* Build configuration list for PBXNativeTarget "終極密碼" */ = {
			isa = XCConfigurationList;
			buildConfigurations = (
				14C1E056204D351E009E9FFF /* Debug */,
				14C1E057204D351E009E9FFF /* Release */,
			);
			defaultConfigurationIsVisible = 0;
			defaultConfigurationName = Release;
		};
/* End XCConfigurationList section */
	};
	rootObject = 14C1E03B204D351E009E9FFF /* Project object */;
}
