// !$*UTF8*$!
{
	archiveVersion = 1;
	classes = {
	};
	objectVersion = 48;
	objects = {

/* Begin PBXBuildFile section */
		14AC06D4203AFAAD00977B0C /* AppDelegate.swift in Sources */ = {isa = PBXBuildFile; fileRef = 14AC06D3203AFAAD00977B0C /* AppDelegate.swift */; };
		14AC06D6203AFAAD00977B0C /* ViewController.swift in Sources */ = {isa = PBXBuildFile; fileRef = 14AC06D5203AFAAD00977B0C /* ViewController.swift */; };
		14AC06D9203AFAAD00977B0C /* Main.storyboard in Resources */ = {isa = PBXBuildFile; fileRef = 14AC06D7203AFAAD00977B0C /* Main.storyboard */; };
		14AC06DB203AFAAD00977B0C /* Assets.xcassets in Resources */ = {isa = PBXBuildFile; fileRef = 14AC06DA203AFAAD00977B0C /* Assets.xcassets */; };
		14AC06DE203AFAAD00977B0C /* LaunchScreen.storyboard in Resources */ = {isa = PBXBuildFile; fileRef = 14AC06DC203AFAAD00977B0C /* LaunchScreen.storyboard */; };
		14AC06E6203BDA2A00977B0C /* FactProvider.swift in Sources */ = {isa = PBXBuildFile; fileRef = 14AC06E5203BDA2A00977B0C /* FactProvider.swift */; };
		14AC06E8203C323A00977B0C /* BackgroundColorProvider.swift in Sources */ = {isa = PBXBuildFile; fileRef = 14AC06E7203C323A00977B0C /* BackgroundColorProvider.swift */; };
		14AC06EA203C54E500977B0C /* AssignmentProvider.swift in Sources */ = {isa = PBXBuildFile; fileRef = 14AC06E9203C54E500977B0C /* AssignmentProvider.swift */; };
/* End PBXBuildFile section */

/* Begin PBXFileReference section */
		14AC06D0203AFAAD00977B0C /* FunFacts.app */ = {isa = PBXFileReference; explicitFileType = wrapper.application; includeInIndex = 0; path = FunFacts.app; sourceTree = BUILT_PRODUCTS_DIR; };
		14AC06D3203AFAAD00977B0C /* AppDelegate.swift */ = {isa = PBXFileReference; lastKnownFileType = sourcecode.swift; path = AppDelegate.swift; sourceTree = "<group>"; };
		14AC06D5203AFAAD00977B0C /* ViewController.swift */ = {isa = PBXFileReference; lastKnownFileType = sourcecode.swift; path = ViewController.swift; sourceTree = "<group>"; };
		14AC06D8203AFAAD00977B0C /* Base */ = {isa = PBXFileReference; lastKnownFileType = file.storyboard; name = Base; path = Base.lproj/Main.storyboard; sourceTree = "<group>"; };
		14AC06DA203AFAAD00977B0C /* Assets.xcassets */ = {isa = PBXFileReference; lastKnownFileType = folder.assetcatalog; path = Assets.xcassets; sourceTree = "<group>"; };
		14AC06DD203AFAAD00977B0C /* Base */ = {isa = PBXFileReference; lastKnownFileType = file.storyboard; name = Base; path = Base.lproj/LaunchScreen.storyboard; sourceTree = "<group>"; };
		14AC06DF203AFAAD00977B0C /* Info.plist */ = {isa = PBXFileReference; lastKnownFileType = text.plist.xml; path = Info.plist; sourceTree = "<group>"; };
		14AC06E5203BDA2A00977B0C /* FactProvider.swift */ = {isa = PBXFileReference; lastKnownFileType = sourcecode.swift; path = FactProvider.swift; sourceTree = "<group>"; };
		14AC06E7203C323A00977B0C /* BackgroundColorProvider.swift */ = {isa = PBXFileReference; lastKnownFileType = sourcecode.swift; path = BackgroundColorProvider.swift; sourceTree = "<group>"; };
		14AC06E9203C54E500977B0C /* AssignmentProvider.swift */ = {isa = PBXFileReference; lastKnownFileType = sourcecode.swift; path = AssignmentProvider.swift; sourceTree = "<group>"; };
/* End PBXFileReference section */

/* Begin PBXFrameworksBuildPhase section */
		14AC06CD203AFAAD00977B0C /* Frameworks */ = {
			isa = PBXFrameworksBuildPhase;
			buildActionMask = 2147483647;
			files = (
			);
			runOnlyForDeploymentPostprocessing = 0;
		};
/* End PBXFrameworksBuildPhase section */

/* Begin PBXGroup section */
		14AC06C7203AFAAD00977B0C = {
			isa = PBXGroup;
			children = (
				14AC06D2203AFAAD00977B0C /* FunFacts */,
				14AC06D1203AFAAD00977B0C /* Products */,
			);
			sourceTree = "<group>";
		};
		14AC06D1203AFAAD00977B0C /* Products */ = {
			isa = PBXGroup;
			children = (
				14AC06D0203AFAAD00977B0C /* FunFacts.app */,
			);
			name = Products;
			sourceTree = "<group>";
		};
		14AC06D2203AFAAD00977B0C /* FunFacts */ = {
			isa = PBXGroup;
			children = (
				14AC06D3203AFAAD00977B0C /* AppDelegate.swift */,
				14AC06D5203AFAAD00977B0C /* ViewController.swift */,
				14AC06E5203BDA2A00977B0C /* FactProvider.swift */,
				14AC06D7203AFAAD00977B0C /* Main.storyboard */,
				14AC06DA203AFAAD00977B0C /* Assets.xcassets */,
				14AC06DC203AFAAD00977B0C /* LaunchScreen.storyboard */,
				14AC06DF203AFAAD00977B0C /* Info.plist */,
				14AC06E7203C323A00977B0C /* BackgroundColorProvider.swift */,
				14AC06E9203C54E500977B0C /* AssignmentProvider.swift */,
			);
			path = FunFacts;
			sourceTree = "<group>";
		};
/* End PBXGroup section */

/* Begin PBXNativeTarget section */
		14AC06CF203AFAAD00977B0C /* FunFacts */ = {
			isa = PBXNativeTarget;
			buildConfigurationList = 14AC06E2203AFAAD00977B0C /* Build configuration list for PBXNativeTarget "FunFacts" */;
			buildPhases = (
				14AC06CC203AFAAD00977B0C /* Sources */,
				14AC06CD203AFAAD00977B0C /* Frameworks */,
				14AC06CE203AFAAD00977B0C /* Resources */,
			);
			buildRules = (
			);
			dependencies = (
			);
			name = FunFacts;
			productName = FunFacts;
			productReference = 14AC06D0203AFAAD00977B0C /* FunFacts.app */;
			productType = "com.apple.product-type.application";
		};
/* End PBXNativeTarget section */

/* Begin PBXProject section */
		14AC06C8203AFAAD00977B0C /* Project object */ = {
			isa = PBXProject;
			attributes = {
				LastSwiftUpdateCheck = 0920;
				LastUpgradeCheck = 0920;
				ORGANIZATIONNAME = DavidWu;
				TargetAttributes = {
					14AC06CF203AFAAD00977B0C = {
						CreatedOnToolsVersion = 9.2;
						ProvisioningStyle = Automatic;
					};
				};
			};
			buildConfigurationList = 14AC06CB203AFAAD00977B0C /* Build configuration list for PBXProject "FunFacts" */;
			compatibilityVersion = "Xcode 8.0";
			developmentRegion = en;
			hasScannedForEncodings = 0;
			knownRegions = (
				en,
				Base,
			);
			mainGroup = 14AC06C7203AFAAD00977B0C;
			productRefGroup = 14AC06D1203AFAAD00977B0C /* Products */;
			projectDirPath = "";
			projectRoot = "";
			targets = (
				14AC06CF203AFAAD00977B0C /* FunFacts */,
			);
		};
/* End PBXProject section */

/* Begin PBXResourcesBuildPhase section */
		14AC06CE203AFAAD00977B0C /* Resources */ = {
			isa = PBXResourcesBuildPhase;
			buildActionMask = 2147483647;
			files = (
				14AC06DE203AFAAD00977B0C /* LaunchScreen.storyboard in Resources */,
				14AC06DB203AFAAD00977B0C /* Assets.xcassets in Resources */,
				14AC06D9203AFAAD00977B0C /* Main.storyboard in Resources */,
			);
			runOnlyForDeploymentPostprocessing = 0;
		};
/* End PBXResourcesBuildPhase section */

/* Begin PBXSourcesBuildPhase section */
		14AC06CC203AFAAD00977B0C /* Sources */ = {
			isa = PBXSourcesBuildPhase;
			buildActionMask = 2147483647;
			files = (
				14AC06D6203AFAAD00977B0C /* ViewController.swift in Sources */,
				14AC06D4203AFAAD00977B0C /* AppDelegate.swift in Sources */,
				14AC06E8203C323A00977B0C /* BackgroundColorProvider.swift in Sources */,
				14AC06E6203BDA2A00977B0C /* FactProvider.swift in Sources */,
				14AC06EA203C54E500977B0C /* AssignmentProvider.swift in Sources */,
			);
			runOnlyForDeploymentPostprocessing = 0;
		};
/* End PBXSourcesBuildPhase section */

/* Begin PBXVariantGroup section */
		14AC06D7203AFAAD00977B0C /* Main.storyboard */ = {
			isa = PBXVariantGroup;
			children = (
				14AC06D8203AFAAD00977B0C /* Base */,
			);
			name = Main.storyboard;
			sourceTree = "<group>";
		};
		14AC06DC203AFAAD00977B0C /* LaunchScreen.storyboard */ = {
			isa = PBXVariantGroup;
			children = (
				14AC06DD203AFAAD00977B0C /* Base */,
			);
			name = LaunchScreen.storyboard;
			sourceTree = "<group>";
		};
/* End PBXVariantGroup section */

/* Begin XCBuildConfiguration section */
		14AC06E0203AFAAD00977B0C /* Debug */ = {
			isa = XCBuildConfiguration;
			buildSettings = {
				ALWAYS_SEARCH_USER_PATHS = NO;
				CLANG_ANALYZER_NONNULL = YES;
				CLANG_ANALYZER_NUMBER_OBJECT_CONVERSION = YES_AGGRESSIVE;
				CLANG_CXX_LANGUAGE_STANDARD = "gnu++14";
				CLANG_CXX_LIBRARY = "libc++";
				CLANG_ENABLE_MODULES = YES;
				CLANG_ENABLE_OBJC_ARC = YES;
				CLANG_WARN_BLOCK_CAPTURE_AUTORELEASING = YES;
				CLANG_WARN_BOOL_CONVERSION = YES;
				CLANG_WARN_COMMA = YES;
				CLANG_WARN_CONSTANT_CONVERSION = YES;
				CLANG_WARN_DIRECT_OBJC_ISA_USAGE = YES_ERROR;
				CLANG_WARN_DOCUMENTATION_COMMENTS = YES;
				CLANG_WARN_EMPTY_BODY = YES;
				CLANG_WARN_ENUM_CONVERSION = YES;
				CLANG_WARN_INFINITE_RECURSION = YES;
				CLANG_WARN_INT_CONVERSION = YES;
				CLANG_WARN_NON_LITERAL_NULL_CONVERSION = YES;
				CLANG_WARN_OBJC_LITERAL_CONVERSION = YES;
				CLANG_WARN_OBJC_ROOT_CLASS = YES_ERROR;
				CLANG_WARN_RANGE_LOOP_ANALYSIS = YES;
				CLANG_WARN_STRICT_PROTOTYPES = YES;
				CLANG_WARN_SUSPICIOUS_MOVE = YES;
				CLANG_WARN_UNGUARDED_AVAILABILITY = YES_AGGRESSIVE;
				CLANG_WARN_UNREACHABLE_CODE = YES;
				CLANG_WARN__DUPLICATE_METHOD_MATCH = YES;
				CODE_SIGN_IDENTITY = "iPhone Developer";
				COPY_PHASE_STRIP = NO;
				DEBUG_INFORMATION_FORMAT = dwarf;
				ENABLE_STRICT_OBJC_MSGSEND = YES;
				ENABLE_TESTABILITY = YES;
				GCC_C_LANGUAGE_STANDARD = gnu11;
				GCC_DYNAMIC_NO_PIC = NO;
				GCC_NO_COMMON_BLOCKS = YES;
				GCC_OPTIMIZATION_LEVEL = 0;
				GCC_PREPROCESSOR_DEFINITIONS = (
					"DEBUG=1",
					"$(inherited)",
				);
				GCC_WARN_64_TO_32_BIT_CONVERSION = YES;
				GCC_WARN_ABOUT_RETURN_TYPE = YES_ERROR;
				GCC_WARN_UNDECLARED_SELECTOR = YES;
				GCC_WARN_UNINITIALIZED_AUTOS = YES_AGGRESSIVE;
				GCC_WARN_UNUSED_FUNCTION = YES;
				GCC_WARN_UNUSED_VARIABLE = YES;
				IPHONEOS_DEPLOYMENT_TARGET = 11.2;
				MTL_ENABLE_DEBUG_INFO = YES;
				ONLY_ACTIVE_ARCH = YES;
				SDKROOT = iphoneos;
				SWIFT_ACTIVE_COMPILATION_CONDITIONS = DEBUG;
				SWIFT_OPTIMIZATION_LEVEL = "-Onone";
			};
			name = Debug;
		};
		14AC06E1203AFAAD00977B0C /* Release */ = {
			isa = XCBuildConfiguration;
			buildSettings = {
				ALWAYS_SEARCH_USER_PATHS = NO;
				CLANG_ANALYZER_NONNULL = YES;
				CLANG_ANALYZER_NUMBER_OBJECT_CONVERSION = YES_AGGRESSIVE;
				CLANG_CXX_LANGUAGE_STANDARD = "gnu++14";
				CLANG_CXX_LIBRARY = "libc++";
				CLANG_ENABLE_MODULES = YES;
				CLANG_ENABLE_OBJC_ARC = YES;
				CLANG_WARN_BLOCK_CAPTURE_AUTORELEASING = YES;
				CLANG_WARN_BOOL_CONVERSION = YES;
				CLANG_WARN_COMMA = YES;
				CLANG_WARN_CONSTANT_CONVERSION = YES;
				CLANG_WARN_DIRECT_OBJC_ISA_USAGE = YES_ERROR;
				CLANG_WARN_DOCUMENTATION_COMMENTS = YES;
				CLANG_WARN_EMPTY_BODY = YES;
				CLANG_WARN_ENUM_CONVERSION = YES;
				CLANG_WARN_INFINITE_RECURSION = YES;
				CLANG_WARN_INT_CONVERSION = YES;
				CLANG_WARN_NON_LITERAL_NULL_CONVERSION = YES;
				CLANG_WARN_OBJC_LITERAL_CONVERSION = YES;
				CLANG_WARN_OBJC_ROOT_CLASS = YES_ERROR;
				CLANG_WARN_RANGE_LOOP_ANALYSIS = YES;
				CLANG_WARN_STRICT_PROTOTYPES = YES;
				CLANG_WARN_SUSPICIOUS_MOVE = YES;
				CLANG_WARN_UNGUARDED_AVAILABILITY = YES_AGGRESSIVE;
				CLANG_WARN_UNREACHABLE_CODE = YES;
				CLANG_WARN__DUPLICATE_METHOD_MATCH = YES;
				CODE_SIGN_IDENTITY = "iPhone Developer";
				COPY_PHASE_STRIP = NO;
				DEBUG_INFORMATION_FORMAT = "dwarf-with-dsym";
				ENABLE_NS_ASSERTIONS = NO;
				ENABLE_STRICT_OBJC_MSGSEND = YES;
				GCC_C_LANGUAGE_STANDARD = gnu11;
				GCC_NO_COMMON_BLOCKS = YES;
				GCC_WARN_64_TO_32_BIT_CONVERSION = YES;
				GCC_WARN_ABOUT_RETURN_TYPE = YES_ERROR;
				GCC_WARN_UNDECLARED_SELECTOR = YES;
				GCC_WARN_UNINITIALIZED_AUTOS = YES_AGGRESSIVE;
				GCC_WARN_UNUSED_FUNCTION = YES;
				GCC_WARN_UNUSED_VARIABLE = YES;
				IPHONEOS_DEPLOYMENT_TARGET = 11.2;
				MTL_ENABLE_DEBUG_INFO = NO;
				SDKROOT = iphoneos;
				SWIFT_OPTIMIZATION_LEVEL = "-Owholemodule";
				VALIDATE_PRODUCT = YES;
			};
			name = Release;
		};
		14AC06E3203AFAAD00977B0C /* Debug */ = {
			isa = XCBuildConfiguration;
			buildSettings = {
				ASSETCATALOG_COMPILER_APPICON_NAME = AppIcon;
				CODE_SIGN_STYLE = Automatic;
				DEVELOPMENT_TEAM = ND2LGZT6B5;
				INFOPLIST_FILE = FunFacts/Info.plist;
				LD_RUNPATH_SEARCH_PATHS = "$(inherited) @executable_path/Frameworks";
				PRODUCT_BUNDLE_IDENTIFIER = com.davidwu.FunFacts;
				PRODUCT_NAME = "$(TARGET_NAME)";
				SWIFT_VERSION = 4.0;
				TARGETED_DEVICE_FAMILY = "1,2";
			};
			name = Debug;
		};
		14AC06E4203AFAAD00977B0C /* Release */ = {
			isa = XCBuildConfiguration;
			buildSettings = {
				ASSETCATALOG_COMPILER_APPICON_NAME = AppIcon;
				CODE_SIGN_STYLE = Automatic;
				DEVELOPMENT_TEAM = ND2LGZT6B5;
				INFOPLIST_FILE = FunFacts/Info.plist;
				LD_RUNPATH_SEARCH_PATHS = "$(inherited) @executable_path/Frameworks";
				PRODUCT_BUNDLE_IDENTIFIER = com.davidwu.FunFacts;
				PRODUCT_NAME = "$(TARGET_NAME)";
				SWIFT_VERSION = 4.0;
				TARGETED_DEVICE_FAMILY = "1,2";
			};
			name = Release;
		};
/* End XCBuildConfiguration section */

/* Begin XCConfigurationList section */
		14AC06CB203AFAAD00977B0C /* Build configuration list for PBXProject "FunFacts" */ = {
			isa = XCConfigurationList;
			buildConfigurations = (
				14AC06E0203AFAAD00977B0C /* Debug */,
				14AC06E1203AFAAD00977B0C /* Release */,
			);
			defaultConfigurationIsVisible = 0;
			defaultConfigurationName = Release;
		};
		14AC06E2203AFAAD00977B0C /* Build configuration list for PBXNativeTarget "FunFacts" */ = {
			isa = XCConfigurationList;
			buildConfigurations = (
				14AC06E3203AFAAD00977B0C /* Debug */,
				14AC06E4203AFAAD00977B0C /* Release */,
			);
			defaultConfigurationIsVisible = 0;
			defaultConfigurationName = Release;
		};
/* End XCConfigurationList section */
	};
	rootObject = 14AC06C8203AFAAD00977B0C /* Project object */;
}
